
Microsoft Visual Studio Solution File, Format Version 12.00
# Visual Studio Version 16
VisualStudioVersion = 16.0.31702.278
MinimumVisualStudioVersion = 10.0.40219.1
Project("{FAE04EC0-301F-11D3-BF4B-00C04F79EFBC}") = "LibraryManager", "LibraryManager\LibraryManager.csproj", "{024B3EE6-2163-4138-9609-6FB898662D9C}"
EndProject
Global
	GlobalSection(SolutionConfigurationPlatforms) = preSolution
		Debug|Any CPU = Debug|Any CPU
		Release|Any CPU = Release|Any CPU
	EndGlobalSection
	GlobalSection(ProjectConfigurationPlatforms) = postSolution
		{024B3EE6-2163-4138-9609-6FB898662D9C}.Debug|Any CPU.ActiveCfg = Debug|Any CPU
		{024B3EE6-2163-4138-9609-6FB898662D9C}.Debug|Any CPU.Build.0 = Debug|Any CPU
		{024B3EE6-2163-4138-9609-6FB898662D9C}.Release|Any CPU.ActiveCfg = Release|Any CPU
		{024B3EE6-2163-4138-9609-6FB898662D9C}.Release|Any CPU.Build.0 = Release|Any CPU
	EndGlobalSection
	GlobalSection(SolutionProperties) = preSolution
		HideSolutionNode = FALSE
	EndGlobalSection
	GlobalSection(ExtensibilityGlobals) = postSolution
		SolutionGuid = {AC14A2B5-F367-456E-915C-AFC1CC383991}
	EndGlobalSection
EndGlobal
